
Microsoft Visual Studio Solution File, Format Version 12.00
# Visual Studio Version 16
VisualStudioVersion = 16.0.30503.244
MinimumVisualStudioVersion = 10.0.40219.1
Project("{8BC9CEB8-8B4A-11D0-8D11-00A0C91BC942}") = "BIOL-1", "BIOL-1\BIOL-1.vcxproj", "{5D8E0F2D-3F84-43DB-95E4-F1897672F488}"
EndProject
Global
	GlobalSection(SolutionConfigurationPlatforms) = preSolution
		Debug|x64 = Debug|x64
		Debug|x86 = Debug|x86
		Release|x64 = Release|x64
		Release|x86 = Release|x86
	EndGlobalSection
	GlobalSection(ProjectConfigurationPlatforms) = postSolution
		{5D8E0F2D-3F84-43DB-95E4-F1897672F488}.Debug|x64.ActiveCfg = Debug|x64
		{5D8E0F2D-3F84-43DB-95E4-F1897672F488}.Debug|x64.Build.0 = Debug|x64
		{5D8E0F2D-3F84-43DB-95E4-F1897672F488}.Debug|x86.ActiveCfg = Debug|Win32
		{5D8E0F2D-3F84-43DB-95E4-F1897672F488}.Debug|x86.Build.0 = Debug|Win32
		{5D8E0F2D-3F84-43DB-95E4-F1897672F488}.Release|x64.ActiveCfg = Release|x64
		{5D8E0F2D-3F84-43DB-95E4-F1897672F488}.Release|x64.Build.0 = Release|x64
		{5D8E0F2D-3F84-43DB-95E4-F1897672F488}.Release|x86.ActiveCfg = Release|Win32
		{5D8E0F2D-3F84-43DB-95E4-F1897672F488}.Release|x86.Build.0 = Release|Win32
	EndGlobalSection
	GlobalSection(SolutionProperties) = preSolution
		HideSolutionNode = FALSE
	EndGlobalSection
	GlobalSection(ExtensibilityGlobals) = postSolution
		SolutionGuid = {976B27C3-0685-44A0-9C3C-4267D5E2CA60}
	EndGlobalSection
EndGlobal
